
Microsoft Visual Studio Solution File, Format Version 12.00
# Visual Studio 15
VisualStudioVersion = 15.0.28307.572
MinimumVisualStudioVersion = 10.0.40219.1
Project("{FAE04EC0-301F-11D3-BF4B-00C04F79EFBC}") = "Lesson_1", "Lesson_1\Lesson_1.csproj", "{36F37E74-0EA8-452E-88CE-28A403B61EBD}"
EndProject
Project("{FAE04EC0-301F-11D3-BF4B-00C04F79EFBC}") = "Lesson_2", "Lesson_2\Lesson_2.csproj", "{01719025-96CA-4669-992D-C4F450AC9F1F}"
EndProject
Project("{FAE04EC0-301F-11D3-BF4B-00C04F79EFBC}") = "Lesson_3", "Lesson_3\Lesson_3.csproj", "{F4E664CC-AA09-43EE-B374-95E17D251BDC}"
EndProject
Project("{FAE04EC0-301F-11D3-BF4B-00C04F79EFBC}") = "Lesson_4", "Lesson_4\Lesson_4.csproj", "{A2996E85-F280-4611-A366-0F117C44E2D5}"
EndProject
Project("{FAE04EC0-301F-11D3-BF4B-00C04F79EFBC}") = "Lesson_5", "Lesson_5\Lesson_5.csproj", "{B912EED7-ACD4-42B1-A349-6C3CD9F6051A}"
EndProject
Project("{FAE04EC0-301F-11D3-BF4B-00C04F79EFBC}") = "Lesson_6", "Lesson_6\Lesson_6.csproj", "{8DB95E86-1708-4807-BFA9-3CE23F0D6BA9}"
EndProject
Global
	GlobalSection(SolutionConfigurationPlatforms) = preSolution
		Debug|Any CPU = Debug|Any CPU
		Release|Any CPU = Release|Any CPU
	EndGlobalSection
	GlobalSection(ProjectConfigurationPlatforms) = postSolution
		{36F37E74-0EA8-452E-88CE-28A403B61EBD}.Debug|Any CPU.ActiveCfg = Debug|Any CPU
		{36F37E74-0EA8-452E-88CE-28A403B61EBD}.Debug|Any CPU.Build.0 = Debug|Any CPU
		{36F37E74-0EA8-452E-88CE-28A403B61EBD}.Release|Any CPU.ActiveCfg = Release|Any CPU
		{36F37E74-0EA8-452E-88CE-28A403B61EBD}.Release|Any CPU.Build.0 = Release|Any CPU
		{01719025-96CA-4669-992D-C4F450AC9F1F}.Debug|Any CPU.ActiveCfg = Debug|Any CPU
		{01719025-96CA-4669-992D-C4F450AC9F1F}.Debug|Any CPU.Build.0 = Debug|Any CPU
		{01719025-96CA-4669-992D-C4F450AC9F1F}.Release|Any CPU.ActiveCfg = Release|Any CPU
		{01719025-96CA-4669-992D-C4F450AC9F1F}.Release|Any CPU.Build.0 = Release|Any CPU
		{F4E664CC-AA09-43EE-B374-95E17D251BDC}.Debug|Any CPU.ActiveCfg = Debug|Any CPU
		{F4E664CC-AA09-43EE-B374-95E17D251BDC}.Debug|Any CPU.Build.0 = Debug|Any CPU
		{F4E664CC-AA09-43EE-B374-95E17D251BDC}.Release|Any CPU.ActiveCfg = Release|Any CPU
		{F4E664CC-AA09-43EE-B374-95E17D251BDC}.Release|Any CPU.Build.0 = Release|Any CPU
		{A2996E85-F280-4611-A366-0F117C44E2D5}.Debug|Any CPU.ActiveCfg = Debug|Any CPU
		{A2996E85-F280-4611-A366-0F117C44E2D5}.Debug|Any CPU.Build.0 = Debug|Any CPU
		{A2996E85-F280-4611-A366-0F117C44E2D5}.Release|Any CPU.ActiveCfg = Release|Any CPU
		{A2996E85-F280-4611-A366-0F117C44E2D5}.Release|Any CPU.Build.0 = Release|Any CPU
		{B912EED7-ACD4-42B1-A349-6C3CD9F6051A}.Debug|Any CPU.ActiveCfg = Debug|Any CPU
		{B912EED7-ACD4-42B1-A349-6C3CD9F6051A}.Debug|Any CPU.Build.0 = Debug|Any CPU
		{B912EED7-ACD4-42B1-A349-6C3CD9F6051A}.Release|Any CPU.ActiveCfg = Release|Any CPU
		{B912EED7-ACD4-42B1-A349-6C3CD9F6051A}.Release|Any CPU.Build.0 = Release|Any CPU
		{8DB95E86-1708-4807-BFA9-3CE23F0D6BA9}.Debug|Any CPU.ActiveCfg = Debug|Any CPU
		{8DB95E86-1708-4807-BFA9-3CE23F0D6BA9}.Debug|Any CPU.Build.0 = Debug|Any CPU
		{8DB95E86-1708-4807-BFA9-3CE23F0D6BA9}.Release|Any CPU.ActiveCfg = Release|Any CPU
		{8DB95E86-1708-4807-BFA9-3CE23F0D6BA9}.Release|Any CPU.Build.0 = Release|Any CPU
	EndGlobalSection
	GlobalSection(SolutionProperties) = preSolution
		HideSolutionNode = FALSE
	EndGlobalSection
	GlobalSection(ExtensibilityGlobals) = postSolution
		SolutionGuid = {67547AD5-D3A5-4E91-83B7-7987432E9BFE}
	EndGlobalSection
EndGlobal
